
Microsoft Visual Studio Solution File, Format Version 12.00
# Visual Studio 15
VisualStudioVersion = 15.0.28307.645
MinimumVisualStudioVersion = 10.0.40219.1
Project("{FAE04EC0-301F-11D3-BF4B-00C04F79EFBC}") = "Ad2mod", "Ad2mod.csproj", "{E4804DFF-E5B5-4733-B266-4AF03B215628}"
EndProject
Global
	GlobalSection(SolutionConfigurationPlatforms) = preSolution
		Debug|Any CPU = Debug|Any CPU
		Release|Any CPU = Release|Any CPU
	EndGlobalSection
	GlobalSection(ProjectConfigurationPlatforms) = postSolution
		{E4804DFF-E5B5-4733-B266-4AF03B215628}.Debug|Any CPU.ActiveCfg = Debug|Any CPU
		{E4804DFF-E5B5-4733-B266-4AF03B215628}.Debug|Any CPU.Build.0 = Debug|Any CPU
		{E4804DFF-E5B5-4733-B266-4AF03B215628}.Release|Any CPU.ActiveCfg = Release|Any CPU
		{E4804DFF-E5B5-4733-B266-4AF03B215628}.Release|Any CPU.Build.0 = Release|Any CPU
	EndGlobalSection
	GlobalSection(SolutionProperties) = preSolution
		HideSolutionNode = FALSE
	EndGlobalSection
	GlobalSection(ExtensibilityGlobals) = postSolution
		SolutionGuid = {08EB6B86-21E0-4A57-A85B-B3FC586E9F2F}
		BuildVersion_StartDate = 2000/1/1
	EndGlobalSection
EndGlobal
